// !$*UTF8*$!
{
	archiveVersion = 1;
	classes = {
	};
	objectVersion = 56;
	objects = {

/* Begin PBXBuildFile section */
		B46AE0D428D3084F005BF699 /* ProfileDataView.swift in Sources */ = {isa = PBXBuildFile; fileRef = B46AE0D328D3084F005BF699 /* ProfileDataView.swift */; };
		B46AE0D628D30E98005BF699 /* ProfileCollectionViewCell.swift in Sources */ = {isa = PBXBuildFile; fileRef = B46AE0D528D30E98005BF699 /* ProfileCollectionViewCell.swift */; };
		B4DF08F328D2A383008BCC87 /* AppDelegate.swift in Sources */ = {isa = PBXBuildFile; fileRef = B4DF08F228D2A383008BCC87 /* AppDelegate.swift */; };
		B4DF08F528D2A383008BCC87 /* SceneDelegate.swift in Sources */ = {isa = PBXBuildFile; fileRef = B4DF08F428D2A383008BCC87 /* SceneDelegate.swift */; };
		B4DF08F728D2A383008BCC87 /* FeedViewController.swift in Sources */ = {isa = PBXBuildFile; fileRef = B4DF08F628D2A383008BCC87 /* FeedViewController.swift */; };
		B4DF08FC28D2A383008BCC87 /* Assets.xcassets in Resources */ = {isa = PBXBuildFile; fileRef = B4DF08FB28D2A383008BCC87 /* Assets.xcassets */; };
		B4DF08FF28D2A383008BCC87 /* LaunchScreen.storyboard in Resources */ = {isa = PBXBuildFile; fileRef = B4DF08FD28D2A383008BCC87 /* LaunchScreen.storyboard */; };
		B4DF090828D2A3B9008BCC87 /* SnapKit in Frameworks */ = {isa = PBXBuildFile; productRef = B4DF090728D2A3B9008BCC87 /* SnapKit */; };
		B4DF090A28D2A4EB008BCC87 /* TabBarController.swift in Sources */ = {isa = PBXBuildFile; fileRef = B4DF090928D2A4EB008BCC87 /* TabBarController.swift */; };
		B4DF090D28D2A94A008BCC87 /* FeedTableViewCell.swift in Sources */ = {isa = PBXBuildFile; fileRef = B4DF090C28D2A94A008BCC87 /* FeedTableViewCell.swift */; };
		B4DF090F28D2B174008BCC87 /* UIButton+.swift in Sources */ = {isa = PBXBuildFile; fileRef = B4DF090E28D2B174008BCC87 /* UIButton+.swift */; };
		B4DF091228D2C3C3008BCC87 /* ProfileViewController.swift in Sources */ = {isa = PBXBuildFile; fileRef = B4DF091128D2C3C3008BCC87 /* ProfileViewController.swift */; };
/* End PBXBuildFile section */

/* Begin PBXFileReference section */
		B46AE0D328D3084F005BF699 /* ProfileDataView.swift */ = {isa = PBXFileReference; lastKnownFileType = sourcecode.swift; path = ProfileDataView.swift; sourceTree = "<group>"; };
		B46AE0D528D30E98005BF699 /* ProfileCollectionViewCell.swift */ = {isa = PBXFileReference; lastKnownFileType = sourcecode.swift; path = ProfileCollectionViewCell.swift; sourceTree = "<group>"; };
		B4DF08EF28D2A383008BCC87 /* instaFeed.app */ = {isa = PBXFileReference; explicitFileType = wrapper.application; includeInIndex = 0; path = instaFeed.app; sourceTree = BUILT_PRODUCTS_DIR; };
		B4DF08F228D2A383008BCC87 /* AppDelegate.swift */ = {isa = PBXFileReference; lastKnownFileType = sourcecode.swift; path = AppDelegate.swift; sourceTree = "<group>"; };
		B4DF08F428D2A383008BCC87 /* SceneDelegate.swift */ = {isa = PBXFileReference; lastKnownFileType = sourcecode.swift; path = SceneDelegate.swift; sourceTree = "<group>"; };
		B4DF08F628D2A383008BCC87 /* FeedViewController.swift */ = {isa = PBXFileReference; lastKnownFileType = sourcecode.swift; path = FeedViewController.swift; sourceTree = "<group>"; };
		B4DF08FB28D2A383008BCC87 /* Assets.xcassets */ = {isa = PBXFileReference; lastKnownFileType = folder.assetcatalog; path = Assets.xcassets; sourceTree = "<group>"; };
		B4DF08FE28D2A383008BCC87 /* Base */ = {isa = PBXFileReference; lastKnownFileType = file.storyboard; name = Base; path = Base.lproj/LaunchScreen.storyboard; sourceTree = "<group>"; };
		B4DF090028D2A383008BCC87 /* Info.plist */ = {isa = PBXFileReference; lastKnownFileType = text.plist.xml; path = Info.plist; sourceTree = "<group>"; };
		B4DF090928D2A4EB008BCC87 /* TabBarController.swift */ = {isa = PBXFileReference; lastKnownFileType = sourcecode.swift; path = TabBarController.swift; sourceTree = "<group>"; };
		B4DF090C28D2A94A008BCC87 /* FeedTableViewCell.swift */ = {isa = PBXFileReference; lastKnownFileType = sourcecode.swift; path = FeedTableViewCell.swift; sourceTree = "<group>"; };
		B4DF090E28D2B174008BCC87 /* UIButton+.swift */ = {isa = PBXFileReference; lastKnownFileType = sourcecode.swift; path = "UIButton+.swift"; sourceTree = "<group>"; };
		B4DF091128D2C3C3008BCC87 /* ProfileViewController.swift */ = {isa = PBXFileReference; lastKnownFileType = sourcecode.swift; path = ProfileViewController.swift; sourceTree = "<group>"; };
/* End PBXFileReference section */

/* Begin PBXFrameworksBuildPhase section */
		B4DF08EC28D2A383008BCC87 /* Frameworks */ = {
			isa = PBXFrameworksBuildPhase;
			buildActionMask = 2147483647;
			files = (
				B4DF090828D2A3B9008BCC87 /* SnapKit in Frameworks */,
			);
			runOnlyForDeploymentPostprocessing = 0;
		};
/* End PBXFrameworksBuildPhase section */

/* Begin PBXGroup section */
		B4DF08E628D2A383008BCC87 = {
			isa = PBXGroup;
			children = (
				B4DF08F128D2A383008BCC87 /* instaFeed */,
				B4DF08F028D2A383008BCC87 /* Products */,
			);
			sourceTree = "<group>";
		};
		B4DF08F028D2A383008BCC87 /* Products */ = {
			isa = PBXGroup;
			children = (
				B4DF08EF28D2A383008BCC87 /* instaFeed.app */,
			);
			name = Products;
			sourceTree = "<group>";
		};
		B4DF08F128D2A383008BCC87 /* instaFeed */ = {
			isa = PBXGroup;
			children = (
				B4DF08F228D2A383008BCC87 /* AppDelegate.swift */,
				B4DF08F428D2A383008BCC87 /* SceneDelegate.swift */,
				B4DF090B28D2A4F7008BCC87 /* Scenes */,
				B4DF08FB28D2A383008BCC87 /* Assets.xcassets */,
				B4DF08FD28D2A383008BCC87 /* LaunchScreen.storyboard */,
				B4DF090028D2A383008BCC87 /* Info.plist */,
				B4DF090E28D2B174008BCC87 /* UIButton+.swift */,
			);
			path = instaFeed;
			sourceTree = "<group>";
		};
		B4DF090B28D2A4F7008BCC87 /* Scenes */ = {
			isa = PBXGroup;
			children = (
				B4DF091328D2C3E1008BCC87 /* Profile */,
				B4DF091028D2C3B0008BCC87 /* Feed */,
				B4DF090928D2A4EB008BCC87 /* TabBarController.swift */,
			);
			path = Scenes;
			sourceTree = "<group>";
		};
		B4DF091028D2C3B0008BCC87 /* Feed */ = {
			isa = PBXGroup;
			children = (
				B4DF08F628D2A383008BCC87 /* FeedViewController.swift */,
				B4DF090C28D2A94A008BCC87 /* FeedTableViewCell.swift */,
			);
			path = Feed;
			sourceTree = "<group>";
		};
		B4DF091328D2C3E1008BCC87 /* Profile */ = {
			isa = PBXGroup;
			children = (
				B4DF091128D2C3C3008BCC87 /* ProfileViewController.swift */,
				B46AE0D328D3084F005BF699 /* ProfileDataView.swift */,
				B46AE0D528D30E98005BF699 /* ProfileCollectionViewCell.swift */,
			);
			path = Profile;
			sourceTree = "<group>";
		};
/* End PBXGroup section */

/* Begin PBXNativeTarget section */
		B4DF08EE28D2A383008BCC87 /* instaFeed */ = {
			isa = PBXNativeTarget;
			buildConfigurationList = B4DF090328D2A383008BCC87 /* Build configuration list for PBXNativeTarget "instaFeed" */;
			buildPhases = (
				B4DF08EB28D2A383008BCC87 /* Sources */,
				B4DF08EC28D2A383008BCC87 /* Frameworks */,
				B4DF08ED28D2A383008BCC87 /* Resources */,
			);
			buildRules = (
			);
			dependencies = (
			);
			name = instaFeed;
			packageProductDependencies = (
				B4DF090728D2A3B9008BCC87 /* SnapKit */,
			);
			productName = instaFeed;
			productReference = B4DF08EF28D2A383008BCC87 /* instaFeed.app */;
			productType = "com.apple.product-type.application";
		};
/* End PBXNativeTarget section */

/* Begin PBXProject section */
		B4DF08E728D2A383008BCC87 /* Project object */ = {
			isa = PBXProject;
			attributes = {
				BuildIndependentTargetsInParallel = 1;
				LastSwiftUpdateCheck = 1400;
				LastUpgradeCheck = 1400;
				TargetAttributes = {
					B4DF08EE28D2A383008BCC87 = {
						CreatedOnToolsVersion = 14.0;
					};
				};
			};
			buildConfigurationList = B4DF08EA28D2A383008BCC87 /* Build configuration list for PBXProject "instaFeed" */;
			compatibilityVersion = "Xcode 14.0";
			developmentRegion = en;
			hasScannedForEncodings = 0;
			knownRegions = (
				en,
				Base,
			);
			mainGroup = B4DF08E628D2A383008BCC87;
			packageReferences = (
				B4DF090628D2A3B9008BCC87 /* XCRemoteSwiftPackageReference "SnapKit" */,
			);
			productRefGroup = B4DF08F028D2A383008BCC87 /* Products */;
			projectDirPath = "";
			projectRoot = "";
			targets = (
				B4DF08EE28D2A383008BCC87 /* instaFeed */,
			);
		};
/* End PBXProject section */

/* Begin PBXResourcesBuildPhase section */
		B4DF08ED28D2A383008BCC87 /* Resources */ = {
			isa = PBXResourcesBuildPhase;
			buildActionMask = 2147483647;
			files = (
				B4DF08FF28D2A383008BCC87 /* LaunchScreen.storyboard in Resources */,
				B4DF08FC28D2A383008BCC87 /* Assets.xcassets in Resources */,
			);
			runOnlyForDeploymentPostprocessing = 0;
		};
/* End PBXResourcesBuildPhase section */

/* Begin PBXSourcesBuildPhase section */
		B4DF08EB28D2A383008BCC87 /* Sources */ = {
			isa = PBXSourcesBuildPhase;
			buildActionMask = 2147483647;
			files = (
				B4DF08F728D2A383008BCC87 /* FeedViewController.swift in Sources */,
				B46AE0D628D30E98005BF699 /* ProfileCollectionViewCell.swift in Sources */,
				B4DF090F28D2B174008BCC87 /* UIButton+.swift in Sources */,
				B4DF090A28D2A4EB008BCC87 /* TabBarController.swift in Sources */,
				B4DF08F328D2A383008BCC87 /* AppDelegate.swift in Sources */,
				B4DF091228D2C3C3008BCC87 /* ProfileViewController.swift in Sources */,
				B4DF08F528D2A383008BCC87 /* SceneDelegate.swift in Sources */,
				B46AE0D428D3084F005BF699 /* ProfileDataView.swift in Sources */,
				B4DF090D28D2A94A008BCC87 /* FeedTableViewCell.swift in Sources */,
			);
			runOnlyForDeploymentPostprocessing = 0;
		};
/* End PBXSourcesBuildPhase section */

/* Begin PBXVariantGroup section */
		B4DF08FD28D2A383008BCC87 /* LaunchScreen.storyboard */ = {
			isa = PBXVariantGroup;
			children = (
				B4DF08FE28D2A383008BCC87 /* Base */,
			);
			name = LaunchScreen.storyboard;
			sourceTree = "<group>";
		};
/* End PBXVariantGroup section */

/* Begin XCBuildConfiguration section */
		B4DF090128D2A383008BCC87 /* Debug */ = {
			isa = XCBuildConfiguration;
			buildSettings = {
				ALWAYS_SEARCH_USER_PATHS = NO;
				CLANG_ANALYZER_NONNULL = YES;
				CLANG_ANALYZER_NUMBER_OBJECT_CONVERSION = YES_AGGRESSIVE;
				CLANG_CXX_LANGUAGE_STANDARD = "gnu++20";
				CLANG_ENABLE_MODULES = YES;
				CLANG_ENABLE_OBJC_ARC = YES;
				CLANG_ENABLE_OBJC_WEAK = YES;
				CLANG_WARN_BLOCK_CAPTURE_AUTORELEASING = YES;
				CLANG_WARN_BOOL_CONVERSION = YES;
				CLANG_WARN_COMMA = YES;
				CLANG_WARN_CONSTANT_CONVERSION = YES;
				CLANG_WARN_DEPRECATED_OBJC_IMPLEMENTATIONS = YES;
				CLANG_WARN_DIRECT_OBJC_ISA_USAGE = YES_ERROR;
				CLANG_WARN_DOCUMENTATION_COMMENTS = YES;
				CLANG_WARN_EMPTY_BODY = YES;
				CLANG_WARN_ENUM_CONVERSION = YES;
				CLANG_WARN_INFINITE_RECURSION = YES;
				CLANG_WARN_INT_CONVERSION = YES;
				CLANG_WARN_NON_LITERAL_NULL_CONVERSION = YES;
				CLANG_WARN_OBJC_IMPLICIT_RETAIN_SELF = YES;
				CLANG_WARN_OBJC_LITERAL_CONVERSION = YES;
				CLANG_WARN_OBJC_ROOT_CLASS = YES_ERROR;
				CLANG_WARN_QUOTED_INCLUDE_IN_FRAMEWORK_HEADER = YES;
				CLANG_WARN_RANGE_LOOP_ANALYSIS = YES;
				CLANG_WARN_STRICT_PROTOTYPES = YES;
				CLANG_WARN_SUSPICIOUS_MOVE = YES;
				CLANG_WARN_UNGUARDED_AVAILABILITY = YES_AGGRESSIVE;
				CLANG_WARN_UNREACHABLE_CODE = YES;
				CLANG_WARN__DUPLICATE_METHOD_MATCH = YES;
				COPY_PHASE_STRIP = NO;
				DEBUG_INFORMATION_FORMAT = dwarf;
				ENABLE_STRICT_OBJC_MSGSEND = YES;
				ENABLE_TESTABILITY = YES;
				GCC_C_LANGUAGE_STANDARD = gnu11;
				GCC_DYNAMIC_NO_PIC = NO;
				GCC_NO_COMMON_BLOCKS = YES;
				GCC_OPTIMIZATION_LEVEL = 0;
				GCC_PREPROCESSOR_DEFINITIONS = (
					"DEBUG=1",
					"$(inherited)",
				);
				GCC_WARN_64_TO_32_BIT_CONVERSION = YES;
				GCC_WARN_ABOUT_RETURN_TYPE = YES_ERROR;
				GCC_WARN_UNDECLARED_SELECTOR = YES;
				GCC_WARN_UNINITIALIZED_AUTOS = YES_AGGRESSIVE;
				GCC_WARN_UNUSED_FUNCTION = YES;
				GCC_WARN_UNUSED_VARIABLE = YES;
				IPHONEOS_DEPLOYMENT_TARGET = 16.0;
				MTL_ENABLE_DEBUG_INFO = INCLUDE_SOURCE;
				MTL_FAST_MATH = YES;
				ONLY_ACTIVE_ARCH = YES;
				SDKROOT = iphoneos;
				SWIFT_ACTIVE_COMPILATION_CONDITIONS = DEBUG;
				SWIFT_OPTIMIZATION_LEVEL = "-Onone";
			};
			name = Debug;
		};
		B4DF090228D2A383008BCC87 /* Release */ = {
			isa = XCBuildConfiguration;
			buildSettings = {
				ALWAYS_SEARCH_USER_PATHS = NO;
				CLANG_ANALYZER_NONNULL = YES;
				CLANG_ANALYZER_NUMBER_OBJECT_CONVERSION = YES_AGGRESSIVE;
				CLANG_CXX_LANGUAGE_STANDARD = "gnu++20";
				CLANG_ENABLE_MODULES = YES;
				CLANG_ENABLE_OBJC_ARC = YES;
				CLANG_ENABLE_OBJC_WEAK = YES;
				CLANG_WARN_BLOCK_CAPTURE_AUTORELEASING = YES;
				CLANG_WARN_BOOL_CONVERSION = YES;
				CLANG_WARN_COMMA = YES;
				CLANG_WARN_CONSTANT_CONVERSION = YES;
				CLANG_WARN_DEPRECATED_OBJC_IMPLEMENTATIONS = YES;
				CLANG_WARN_DIRECT_OBJC_ISA_USAGE = YES_ERROR;
				CLANG_WARN_DOCUMENTATION_COMMENTS = YES;
				CLANG_WARN_EMPTY_BODY = YES;
				CLANG_WARN_ENUM_CONVERSION = YES;
				CLANG_WARN_INFINITE_RECURSION = YES;
				CLANG_WARN_INT_CONVERSION = YES;
				CLANG_WARN_NON_LITERAL_NULL_CONVERSION = YES;
				CLANG_WARN_OBJC_IMPLICIT_RETAIN_SELF = YES;
				CLANG_WARN_OBJC_LITERAL_CONVERSION = YES;
				CLANG_WARN_OBJC_ROOT_CLASS = YES_ERROR;
				CLANG_WARN_QUOTED_INCLUDE_IN_FRAMEWORK_HEADER = YES;
				CLANG_WARN_RANGE_LOOP_ANALYSIS = YES;
				CLANG_WARN_STRICT_PROTOTYPES = YES;
				CLANG_WARN_SUSPICIOUS_MOVE = YES;
				CLANG_WARN_UNGUARDED_AVAILABILITY = YES_AGGRESSIVE;
				CLANG_WARN_UNREACHABLE_CODE = YES;
				CLANG_WARN__DUPLICATE_METHOD_MATCH = YES;
				COPY_PHASE_STRIP = NO;
				DEBUG_INFORMATION_FORMAT = "dwarf-with-dsym";
				ENABLE_NS_ASSERTIONS = NO;
				ENABLE_STRICT_OBJC_MSGSEND = YES;
				GCC_C_LANGUAGE_STANDARD = gnu11;
				GCC_NO_COMMON_BLOCKS = YES;
				GCC_WARN_64_TO_32_BIT_CONVERSION = YES;
				GCC_WARN_ABOUT_RETURN_TYPE = YES_ERROR;
				GCC_WARN_UNDECLARED_SELECTOR = YES;
				GCC_WARN_UNINITIALIZED_AUTOS = YES_AGGRESSIVE;
				GCC_WARN_UNUSED_FUNCTION = YES;
				GCC_WARN_UNUSED_VARIABLE = YES;
				IPHONEOS_DEPLOYMENT_TARGET = 16.0;
				MTL_ENABLE_DEBUG_INFO = NO;
				MTL_FAST_MATH = YES;
				SDKROOT = iphoneos;
				SWIFT_COMPILATION_MODE = wholemodule;
				SWIFT_OPTIMIZATION_LEVEL = "-O";
				VALIDATE_PRODUCT = YES;
			};
			name = Release;
		};
		B4DF090428D2A383008BCC87 /* Debug */ = {
			isa = XCBuildConfiguration;
			buildSettings = {
				ASSETCATALOG_COMPILER_APPICON_NAME = AppIcon;
				ASSETCATALOG_COMPILER_GLOBAL_ACCENT_COLOR_NAME = AccentColor;
				CODE_SIGN_STYLE = Automatic;
				CURRENT_PROJECT_VERSION = 1;
				DEVELOPMENT_TEAM = NMLQKC3L6A;
				GENERATE_INFOPLIST_FILE = YES;
				INFOPLIST_FILE = instaFeed/Info.plist;
				INFOPLIST_KEY_UIApplicationSupportsIndirectInputEvents = YES;
				INFOPLIST_KEY_UILaunchStoryboardName = LaunchScreen;
				INFOPLIST_KEY_UISupportedInterfaceOrientations_iPad = "UIInterfaceOrientationPortrait UIInterfaceOrientationPortraitUpsideDown UIInterfaceOrientationLandscapeLeft UIInterfaceOrientationLandscapeRight";
				INFOPLIST_KEY_UISupportedInterfaceOrientations_iPhone = "UIInterfaceOrientationPortrait UIInterfaceOrientationLandscapeLeft UIInterfaceOrientationLandscapeRight";
				LD_RUNPATH_SEARCH_PATHS = (
					"$(inherited)",
					"@executable_path/Frameworks",
				);
				MARKETING_VERSION = 1.0;
				PRODUCT_BUNDLE_IDENTIFIER = com.hylee.instaFeed;
				PRODUCT_NAME = "$(TARGET_NAME)";
				SWIFT_EMIT_LOC_STRINGS = YES;
				SWIFT_VERSION = 5.0;
				TARGETED_DEVICE_FAMILY = "1,2";
			};
			name = Debug;
		};
		B4DF090528D2A383008BCC87 /* Release */ = {
			isa = XCBuildConfiguration;
			buildSettings = {
				ASSETCATALOG_COMPILER_APPICON_NAME = AppIcon;
				ASSETCATALOG_COMPILER_GLOBAL_ACCENT_COLOR_NAME = AccentColor;
				CODE_SIGN_STYLE = Automatic;
				CURRENT_PROJECT_VERSION = 1;
				DEVELOPMENT_TEAM = NMLQKC3L6A;
				GENERATE_INFOPLIST_FILE = YES;
				INFOPLIST_FILE = instaFeed/Info.plist;
				INFOPLIST_KEY_UIApplicationSupportsIndirectInputEvents = YES;
				INFOPLIST_KEY_UILaunchStoryboardName = LaunchScreen;
				INFOPLIST_KEY_UISupportedInterfaceOrientations_iPad = "UIInterfaceOrientationPortrait UIInterfaceOrientationPortraitUpsideDown UIInterfaceOrientationLandscapeLeft UIInterfaceOrientationLandscapeRight";
				INFOPLIST_KEY_UISupportedInterfaceOrientations_iPhone = "UIInterfaceOrientationPortrait UIInterfaceOrientationLandscapeLeft UIInterfaceOrientationLandscapeRight";
				LD_RUNPATH_SEARCH_PATHS = (
					"$(inherited)",
					"@executable_path/Frameworks",
				);
				MARKETING_VERSION = 1.0;
				PRODUCT_BUNDLE_IDENTIFIER = com.hylee.instaFeed;
				PRODUCT_NAME = "$(TARGET_NAME)";
				SWIFT_EMIT_LOC_STRINGS = YES;
				SWIFT_VERSION = 5.0;
				TARGETED_DEVICE_FAMILY = "1,2";
			};
			name = Release;
		};
/* End XCBuildConfiguration section */

/* Begin XCConfigurationList section */
		B4DF08EA28D2A383008BCC87 /* Build configuration list for PBXProject "instaFeed" */ = {
			isa = XCConfigurationList;
			buildConfigurations = (
				B4DF090128D2A383008BCC87 /* Debug */,
				B4DF090228D2A383008BCC87 /* Release */,
			);
			defaultConfigurationIsVisible = 0;
			defaultConfigurationName = Release;
		};
		B4DF090328D2A383008BCC87 /* Build configuration list for PBXNativeTarget "instaFeed" */ = {
			isa = XCConfigurationList;
			buildConfigurations = (
				B4DF090428D2A383008BCC87 /* Debug */,
				B4DF090528D2A383008BCC87 /* Release */,
			);
			defaultConfigurationIsVisible = 0;
			defaultConfigurationName = Release;
		};
/* End XCConfigurationList section */

/* Begin XCRemoteSwiftPackageReference section */
		B4DF090628D2A3B9008BCC87 /* XCRemoteSwiftPackageReference "SnapKit" */ = {
			isa = XCRemoteSwiftPackageReference;
			repositoryURL = "https://github.com/SnapKit/SnapKit";
			requirement = {
				branch = develop;
				kind = branch;
			};
		};
/* End XCRemoteSwiftPackageReference section */

/* Begin XCSwiftPackageProductDependency section */
		B4DF090728D2A3B9008BCC87 /* SnapKit */ = {
			isa = XCSwiftPackageProductDependency;
			package = B4DF090628D2A3B9008BCC87 /* XCRemoteSwiftPackageReference "SnapKit" */;
			productName = SnapKit;
		};
/* End XCSwiftPackageProductDependency section */
	};
	rootObject = B4DF08E728D2A383008BCC87 /* Project object */;
}
